
Microsoft Visual Studio Solution File, Format Version 12.00
# Visual Studio Version 17
VisualStudioVersion = 17.0.32112.339
MinimumVisualStudioVersion = 10.0.40219.1
Project("{8BC9CEB8-8B4A-11D0-8D11-00A0C91BC942}") = "patch", "patch\patch.vcxproj", "{20C4ED31-B17F-445A-90FE-77F8119F831B}"
EndProject
Global
	GlobalSection(SolutionConfigurationPlatforms) = preSolution
		Debug|x86 = Debug|x86
		Release|x86 = Release|x86
	EndGlobalSection
	GlobalSection(ProjectConfigurationPlatforms) = postSolution
		{20C4ED31-B17F-445A-90FE-77F8119F831B}.Debug|x86.ActiveCfg = Debug|Win32
		{20C4ED31-B17F-445A-90FE-77F8119F831B}.Debug|x86.Build.0 = Debug|Win32
		{20C4ED31-B17F-445A-90FE-77F8119F831B}.Release|x86.ActiveCfg = Release|Win32
		{20C4ED31-B17F-445A-90FE-77F8119F831B}.Release|x86.Build.0 = Release|Win32
	EndGlobalSection
	GlobalSection(SolutionProperties) = preSolution
		HideSolutionNode = FALSE
	EndGlobalSection
	GlobalSection(ExtensibilityGlobals) = postSolution
		SolutionGuid = {8ECF7614-0562-458B-825B-AADA74AAACDB}
	EndGlobalSection
EndGlobal
